
Microsoft Visual Studio Solution File, Format Version 12.00
# Visual Studio Version 17
VisualStudioVersion = 17.9.34607.119
MinimumVisualStudioVersion = 10.0.40219.1
Project("{FAE04EC0-301F-11D3-BF4B-00C04F79EFBC}") = "Business", "Business\Business.csproj", "{92006EB9-E8D3-4349-AC5E-A1CEF92EE646}"
EndProject
Project("{FAE04EC0-301F-11D3-BF4B-00C04F79EFBC}") = "Entities", "Entities\Entities.csproj", "{67455D82-8CED-4552-823F-7C8B6481B562}"
EndProject
Project("{FAE04EC0-301F-11D3-BF4B-00C04F79EFBC}") = "DataAccess", "DataAccess\DataAccess.csproj", "{590D0663-3334-4A57-87A6-44B2722E524D}"
EndProject
Project("{FAE04EC0-301F-11D3-BF4B-00C04F79EFBC}") = "Core", "Core\Core.csproj", "{7A5F7EE5-3E85-4440-8C19-EDD45BA94FB7}"
EndProject
Project("{FAE04EC0-301F-11D3-BF4B-00C04F79EFBC}") = "WebApi", "WebApi\WebApi.csproj", "{AEEAD3B5-775B-439E-9E3A-728183976C4D}"
EndProject
Global
	GlobalSection(SolutionConfigurationPlatforms) = preSolution
		Debug|Any CPU = Debug|Any CPU
		Release|Any CPU = Release|Any CPU
	EndGlobalSection
	GlobalSection(ProjectConfigurationPlatforms) = postSolution
		{92006EB9-E8D3-4349-AC5E-A1CEF92EE646}.Debug|Any CPU.ActiveCfg = Debug|Any CPU
		{92006EB9-E8D3-4349-AC5E-A1CEF92EE646}.Debug|Any CPU.Build.0 = Debug|Any CPU
		{92006EB9-E8D3-4349-AC5E-A1CEF92EE646}.Release|Any CPU.ActiveCfg = Release|Any CPU
		{92006EB9-E8D3-4349-AC5E-A1CEF92EE646}.Release|Any CPU.Build.0 = Release|Any CPU
		{67455D82-8CED-4552-823F-7C8B6481B562}.Debug|Any CPU.ActiveCfg = Debug|Any CPU
		{67455D82-8CED-4552-823F-7C8B6481B562}.Debug|Any CPU.Build.0 = Debug|Any CPU
		{67455D82-8CED-4552-823F-7C8B6481B562}.Release|Any CPU.ActiveCfg = Release|Any CPU
		{67455D82-8CED-4552-823F-7C8B6481B562}.Release|Any CPU.Build.0 = Release|Any CPU
		{590D0663-3334-4A57-87A6-44B2722E524D}.Debug|Any CPU.ActiveCfg = Debug|Any CPU
		{590D0663-3334-4A57-87A6-44B2722E524D}.Debug|Any CPU.Build.0 = Debug|Any CPU
		{590D0663-3334-4A57-87A6-44B2722E524D}.Release|Any CPU.ActiveCfg = Release|Any CPU
		{590D0663-3334-4A57-87A6-44B2722E524D}.Release|Any CPU.Build.0 = Release|Any CPU
		{7A5F7EE5-3E85-4440-8C19-EDD45BA94FB7}.Debug|Any CPU.ActiveCfg = Debug|Any CPU
		{7A5F7EE5-3E85-4440-8C19-EDD45BA94FB7}.Debug|Any CPU.Build.0 = Debug|Any CPU
		{7A5F7EE5-3E85-4440-8C19-EDD45BA94FB7}.Release|Any CPU.ActiveCfg = Release|Any CPU
		{7A5F7EE5-3E85-4440-8C19-EDD45BA94FB7}.Release|Any CPU.Build.0 = Release|Any CPU
		{AEEAD3B5-775B-439E-9E3A-728183976C4D}.Debug|Any CPU.ActiveCfg = Debug|Any CPU
		{AEEAD3B5-775B-439E-9E3A-728183976C4D}.Debug|Any CPU.Build.0 = Debug|Any CPU
		{AEEAD3B5-775B-439E-9E3A-728183976C4D}.Release|Any CPU.ActiveCfg = Release|Any CPU
		{AEEAD3B5-775B-439E-9E3A-728183976C4D}.Release|Any CPU.Build.0 = Release|Any CPU
	EndGlobalSection
	GlobalSection(SolutionProperties) = preSolution
		HideSolutionNode = FALSE
	EndGlobalSection
	GlobalSection(ExtensibilityGlobals) = postSolution
		SolutionGuid = {79DFCD60-2BBC-4298-91FD-5E93E490D076}
	EndGlobalSection
EndGlobal
